
Microsoft Visual Studio Solution File, Format Version 12.00
# Visual Studio 14
VisualStudioVersion = 14.0.25420.1
MinimumVisualStudioVersion = 10.0.40219.1
Project("{FAE04EC0-301F-11D3-BF4B-00C04F79EFBC}") = "Ex10", "Ex10\Ex10.csproj", "{A8ED9C1C-EB14-414B-B21C-E648DA335749}"
EndProject
Project("{FAE04EC0-301F-11D3-BF4B-00C04F79EFBC}") = "tst", "tst\tst.csproj", "{99EBC6BE-337C-4AB4-9C04-1BA7FEBC0F1C}"
EndProject
Global
	GlobalSection(SolutionConfigurationPlatforms) = preSolution
		Debug|Any CPU = Debug|Any CPU
		Release|Any CPU = Release|Any CPU
	EndGlobalSection
	GlobalSection(ProjectConfigurationPlatforms) = postSolution
		{A8ED9C1C-EB14-414B-B21C-E648DA335749}.Debug|Any CPU.ActiveCfg = Debug|Any CPU
		{A8ED9C1C-EB14-414B-B21C-E648DA335749}.Debug|Any CPU.Build.0 = Debug|Any CPU
		{A8ED9C1C-EB14-414B-B21C-E648DA335749}.Release|Any CPU.ActiveCfg = Release|Any CPU
		{A8ED9C1C-EB14-414B-B21C-E648DA335749}.Release|Any CPU.Build.0 = Release|Any CPU
		{99EBC6BE-337C-4AB4-9C04-1BA7FEBC0F1C}.Debug|Any CPU.ActiveCfg = Debug|Any CPU
		{99EBC6BE-337C-4AB4-9C04-1BA7FEBC0F1C}.Debug|Any CPU.Build.0 = Debug|Any CPU
		{99EBC6BE-337C-4AB4-9C04-1BA7FEBC0F1C}.Release|Any CPU.ActiveCfg = Release|Any CPU
		{99EBC6BE-337C-4AB4-9C04-1BA7FEBC0F1C}.Release|Any CPU.Build.0 = Release|Any CPU
	EndGlobalSection
	GlobalSection(SolutionProperties) = preSolution
		HideSolutionNode = FALSE
	EndGlobalSection
EndGlobal
